
Microsoft Visual Studio Solution File, Format Version 12.00
# Visual Studio Version 16
VisualStudioVersion = 16.0.29926.136
MinimumVisualStudioVersion = 10.0.40219.1
Project("{FAE04EC0-301F-11D3-BF4B-00C04F79EFBC}") = "DatabaseMigrations", "DatabaseMigrations\DatabaseMigrations.csproj", "{673989AA-1275-4A2F-9A28-0C234352BE05}"
EndProject
Global
	GlobalSection(SolutionConfigurationPlatforms) = preSolution
		Debug|Any CPU = Debug|Any CPU
		Release|Any CPU = Release|Any CPU
	EndGlobalSection
	GlobalSection(ProjectConfigurationPlatforms) = postSolution
		{673989AA-1275-4A2F-9A28-0C234352BE05}.Debug|Any CPU.ActiveCfg = Debug|Any CPU
		{673989AA-1275-4A2F-9A28-0C234352BE05}.Debug|Any CPU.Build.0 = Debug|Any CPU
		{673989AA-1275-4A2F-9A28-0C234352BE05}.Release|Any CPU.ActiveCfg = Release|Any CPU
		{673989AA-1275-4A2F-9A28-0C234352BE05}.Release|Any CPU.Build.0 = Release|Any CPU
	EndGlobalSection
	GlobalSection(SolutionProperties) = preSolution
		HideSolutionNode = FALSE
	EndGlobalSection
	GlobalSection(ExtensibilityGlobals) = postSolution
		SolutionGuid = {D0CCE694-F197-4249-9013-C6FE1F22B922}
	EndGlobalSection
EndGlobal
